
Microsoft Visual Studio Solution File, Format Version 12.00
# Visual Studio Version 16
VisualStudioVersion = 16.0.31624.102
MinimumVisualStudioVersion = 10.0.40219.1
Project("{FAE04EC0-301F-11D3-BF4B-00C04F79EFBC}") = "xkcd", "xkcd.csproj", "{595930C9-C0CB-45D4-9B10-069C0FC6378A}"
EndProject
Global
	GlobalSection(SolutionConfigurationPlatforms) = preSolution
		Debug|Any CPU = Debug|Any CPU
		Release|Any CPU = Release|Any CPU
	EndGlobalSection
	GlobalSection(ProjectConfigurationPlatforms) = postSolution
		{595930C9-C0CB-45D4-9B10-069C0FC6378A}.Debug|Any CPU.ActiveCfg = Debug|Any CPU
		{595930C9-C0CB-45D4-9B10-069C0FC6378A}.Debug|Any CPU.Build.0 = Debug|Any CPU
		{595930C9-C0CB-45D4-9B10-069C0FC6378A}.Release|Any CPU.ActiveCfg = Release|Any CPU
		{595930C9-C0CB-45D4-9B10-069C0FC6378A}.Release|Any CPU.Build.0 = Release|Any CPU
	EndGlobalSection
	GlobalSection(SolutionProperties) = preSolution
		HideSolutionNode = FALSE
	EndGlobalSection
	GlobalSection(ExtensibilityGlobals) = postSolution
		SolutionGuid = {17B5CF10-E6C3-429E-B34C-1D8BF3F72CD0}
	EndGlobalSection
EndGlobal
